
Microsoft Visual Studio Solution File, Format Version 12.00
# Visual Studio Version 16
VisualStudioVersion = 16.0.31624.102
MinimumVisualStudioVersion = 10.0.40219.1
Project("{9A19103F-16F7-4668-BE54-9A1E7A4F7556}") = "RocketLandingPlatform.API", "RocketLandingPlatform.API\RocketLandingPlatform.API.csproj", "{091C3DB5-04EA-43BD-8ABE-0FF54D3363DA}"
EndProject
Project("{9A19103F-16F7-4668-BE54-9A1E7A4F7556}") = "RocketLandingPlatform.Services", "RocketLandingPlatform.Services\RocketLandingPlatform.Services.csproj", "{70EA38BE-2BB6-4197-AD07-10268EBDB06C}"
EndProject
Project("{FAE04EC0-301F-11D3-BF4B-00C04F79EFBC}") = "RocketLandingPlatform.Tests", "RocketLandingPlatform.Tests\RocketLandingPlatform.Tests.csproj", "{8975768B-A75E-49C3-877B-1D5662998DD6}"
EndProject
Global
	GlobalSection(SolutionConfigurationPlatforms) = preSolution
		Debug|Any CPU = Debug|Any CPU
		Release|Any CPU = Release|Any CPU
	EndGlobalSection
	GlobalSection(ProjectConfigurationPlatforms) = postSolution
		{091C3DB5-04EA-43BD-8ABE-0FF54D3363DA}.Debug|Any CPU.ActiveCfg = Debug|Any CPU
		{091C3DB5-04EA-43BD-8ABE-0FF54D3363DA}.Debug|Any CPU.Build.0 = Debug|Any CPU
		{091C3DB5-04EA-43BD-8ABE-0FF54D3363DA}.Release|Any CPU.ActiveCfg = Release|Any CPU
		{091C3DB5-04EA-43BD-8ABE-0FF54D3363DA}.Release|Any CPU.Build.0 = Release|Any CPU
		{70EA38BE-2BB6-4197-AD07-10268EBDB06C}.Debug|Any CPU.ActiveCfg = Debug|Any CPU
		{70EA38BE-2BB6-4197-AD07-10268EBDB06C}.Debug|Any CPU.Build.0 = Debug|Any CPU
		{70EA38BE-2BB6-4197-AD07-10268EBDB06C}.Release|Any CPU.ActiveCfg = Release|Any CPU
		{70EA38BE-2BB6-4197-AD07-10268EBDB06C}.Release|Any CPU.Build.0 = Release|Any CPU
		{8975768B-A75E-49C3-877B-1D5662998DD6}.Debug|Any CPU.ActiveCfg = Debug|Any CPU
		{8975768B-A75E-49C3-877B-1D5662998DD6}.Debug|Any CPU.Build.0 = Debug|Any CPU
		{8975768B-A75E-49C3-877B-1D5662998DD6}.Release|Any CPU.ActiveCfg = Release|Any CPU
		{8975768B-A75E-49C3-877B-1D5662998DD6}.Release|Any CPU.Build.0 = Release|Any CPU
	EndGlobalSection
	GlobalSection(SolutionProperties) = preSolution
		HideSolutionNode = FALSE
	EndGlobalSection
	GlobalSection(ExtensibilityGlobals) = postSolution
		SolutionGuid = {62A0BCB1-94C4-440C-8563-D95E525EC209}
	EndGlobalSection
EndGlobal
